
Microsoft Visual Studio Solution File, Format Version 12.00
# Visual Studio Version 17
VisualStudioVersion = 17.10.35013.160
MinimumVisualStudioVersion = 10.0.40219.1
Project("{9A19103F-16F7-4668-BE54-9A1E7A4F7556}") = "CandidateHub", "CandidateHub.csproj", "{A9596346-0CA5-4038-8A7E-DF7D220248E3}"
EndProject
Project("{FAE04EC0-301F-11D3-BF4B-00C04F79EFBC}") = "CandidateHub.Tests", "..\CandidateHub.Tests\CandidateHub.Tests.csproj", "{17A5BEC6-D201-40A0-9603-9A324417005E}"
EndProject
Global
	GlobalSection(SolutionConfigurationPlatforms) = preSolution
		Debug|Any CPU = Debug|Any CPU
		Release|Any CPU = Release|Any CPU
	EndGlobalSection
	GlobalSection(ProjectConfigurationPlatforms) = postSolution
		{A9596346-0CA5-4038-8A7E-DF7D220248E3}.Debug|Any CPU.ActiveCfg = Debug|Any CPU
		{A9596346-0CA5-4038-8A7E-DF7D220248E3}.Debug|Any CPU.Build.0 = Debug|Any CPU
		{A9596346-0CA5-4038-8A7E-DF7D220248E3}.Release|Any CPU.ActiveCfg = Release|Any CPU
		{A9596346-0CA5-4038-8A7E-DF7D220248E3}.Release|Any CPU.Build.0 = Release|Any CPU
		{17A5BEC6-D201-40A0-9603-9A324417005E}.Debug|Any CPU.ActiveCfg = Debug|Any CPU
		{17A5BEC6-D201-40A0-9603-9A324417005E}.Debug|Any CPU.Build.0 = Debug|Any CPU
		{17A5BEC6-D201-40A0-9603-9A324417005E}.Release|Any CPU.ActiveCfg = Release|Any CPU
		{17A5BEC6-D201-40A0-9603-9A324417005E}.Release|Any CPU.Build.0 = Release|Any CPU
	EndGlobalSection
	GlobalSection(SolutionProperties) = preSolution
		HideSolutionNode = FALSE
	EndGlobalSection
	GlobalSection(ExtensibilityGlobals) = postSolution
		SolutionGuid = {85C381A3-BE52-4BB6-A995-46FF181D8D9D}
	EndGlobalSection
EndGlobal
